
Microsoft Visual Studio Solution File, Format Version 12.00
# Visual Studio Version 17
VisualStudioVersion = 17.2.32516.85
MinimumVisualStudioVersion = 10.0.40219.1
Project("{FAE04EC0-301F-11D3-BF4B-00C04F79EFBC}") = "BookManager", "BookManager\BookManager.csproj", "{EB329AF2-6574-473C-9D0F-A24A7A007B15}"
EndProject
Global
	GlobalSection(SolutionConfigurationPlatforms) = preSolution
		Debug|Any CPU = Debug|Any CPU
		Release|Any CPU = Release|Any CPU
	EndGlobalSection
	GlobalSection(ProjectConfigurationPlatforms) = postSolution
		{EB329AF2-6574-473C-9D0F-A24A7A007B15}.Debug|Any CPU.ActiveCfg = Debug|Any CPU
		{EB329AF2-6574-473C-9D0F-A24A7A007B15}.Debug|Any CPU.Build.0 = Debug|Any CPU
		{EB329AF2-6574-473C-9D0F-A24A7A007B15}.Release|Any CPU.ActiveCfg = Release|Any CPU
		{EB329AF2-6574-473C-9D0F-A24A7A007B15}.Release|Any CPU.Build.0 = Release|Any CPU
	EndGlobalSection
	GlobalSection(SolutionProperties) = preSolution
		HideSolutionNode = FALSE
	EndGlobalSection
	GlobalSection(ExtensibilityGlobals) = postSolution
		SolutionGuid = {1ECCDC2C-2BB5-497A-9B86-FF5AE2B362E2}
	EndGlobalSection
EndGlobal
